dependencies:
- name: kube-prometheus-stack
  repository: https://prometheus-community.github.io/helm-charts
  version: 66.7.1
- name: loki-stack
  repository: https://grafana.github.io/helm-charts
  version: 2.10.2
digest: sha256:a57d043755f05909e293f6cedc7781a19783b620c354b9dab4af2a72e80c6b26
generated: "2025-11-19T21:12:43.440298+01:00"
